// !$*UTF8*$!
{
	archiveVersion = 1;
	classes = {
	};
	objectVersion = 77;
	objects = {

/* Begin PBXBuildFile section */
		11890ECA2F89A3A50073B04F /* ArgumentParser in Frameworks */ = {isa = PBXBuildFile; productRef = 11890ECB2F89A3AB0073B04F /* ArgumentParser */; };
		11890EDD2F89EEEF0073B04F /* AutoFocusCore.framework in Embed Frameworks */ = {isa = PBXBuildFile; fileRef = 11890EDC2F89EEE00073B04F /* AutoFocusCore.framework */; settings = {ATTRIBUTES = (CodeSignOnCopy, RemoveHeadersOnCopy, ); }; };
		11890EDE2F89EF050073B04F /* AutoFocusCore.framework in Frameworks */ = {isa = PBXBuildFile; fileRef = 11890EDC2F89EEE00073B04F /* AutoFocusCore.framework */; };
		11890EDF2F89EF0B0073B04F /* AutoFocusCore.framework in Frameworks */ = {isa = PBXBuildFile; fileRef = 11890EDC2F89EEE00073B04F /* AutoFocusCore.framework */; };
		11890EEF2F8A0D990073B04F /* AutoFocusCore.framework in Frameworks */ = {isa = PBXBuildFile; fileRef = 11890EDC2F89EEE00073B04F /* AutoFocusCore.framework */; };
/* End PBXBuildFile section */

/* Begin PBXContainerItemProxy section */
		11890EE22F89EF5A0073B04F /* PBXContainerItemProxy */ = {
			isa = PBXContainerItemProxy;
			containerPortal = 11BB68F92DBD790500135D74 /* Project object */;
			proxyType = 1;
			remoteGlobalIDString = 11890EE12F89EF420073B04F;
			remoteInfo = AutoFocusCore;
		};
		11890EE32F89EF660073B04F /* PBXContainerItemProxy */ = {
			isa = PBXContainerItemProxy;
			containerPortal = 11BB68F92DBD790500135D74 /* Project object */;
			proxyType = 1;
			remoteGlobalIDString = 11890EE12F89EF420073B04F;
			remoteInfo = AutoFocusCore;
		};
		11890EF02F8A0DAF0073B04F /* PBXContainerItemProxy */ = {
			isa = PBXContainerItemProxy;
			containerPortal = 11BB68F92DBD790500135D74 /* Project object */;
			proxyType = 1;
			remoteGlobalIDString = 11890EE12F89EF420073B04F;
			remoteInfo = AutoFocusCore;
		};
		11BB69102DBD790700135D74 /* PBXContainerItemProxy */ = {
			isa = PBXContainerItemProxy;
			containerPortal = 11BB68F92DBD790500135D74 /* Project object */;
			proxyType = 1;
			remoteGlobalIDString = 11BB69002DBD790500135D74;
			remoteInfo = AutoFocusAI;
		};
		11BB691A2DBD790700135D74 /* PBXContainerItemProxy */ = {
			isa = PBXContainerItemProxy;
			containerPortal = 11BB68F92DBD790500135D74 /* Project object */;
			proxyType = 1;
			remoteGlobalIDString = 11BB69002DBD790500135D74;
			remoteInfo = AutoFocusAI;
		};
/* End PBXContainerItemProxy section */

/* Begin PBXCopyFilesBuildPhase section */
		11890EE42F89EFB10073B04F /* Embed Frameworks */ = {
			isa = PBXCopyFilesBuildPhase;
			buildActionMask = 2147483647;
			dstPath = "";
			dstSubfolderSpec = 10;
			files = (
				11890EDD2F89EEEF0073B04F /* AutoFocusCore.framework in Embed Frameworks */,
			);
			name = "Embed Frameworks";
			runOnlyForDeploymentPostprocessing = 0;
		};
/* End PBXCopyFilesBuildPhase section */

/* Begin PBXFileReference section */
		11890EBE2F8989E20073B04F /* README.md */ = {isa = PBXFileReference; lastKnownFileType = net.daringfireball.markdown; path = README.md; sourceTree = "<group>"; };
		11890EBF2F898B010073B04F /* PRD.md */ = {isa = PBXFileReference; lastKnownFileType = net.daringfireball.markdown; path = PRD.md; sourceTree = "<group>"; };
		11890EC02F898BA90073B04F /* IMPLEMENTATION_PLAN.md */ = {isa = PBXFileReference; lastKnownFileType = net.daringfireball.markdown; path = IMPLEMENTATION_PLAN.md; sourceTree = "<group>"; };
		11890EC22F89951A0073B04F /* AutoFocusAICLI */ = {isa = PBXFileReference; explicitFileType = "compiled.mach-o.executable"; includeInIndex = 0; path = AutoFocusAICLI; sourceTree = BUILT_PRODUCTS_DIR; };
		11890EDC2F89EEE00073B04F /* AutoFocusCore.framework */ = {isa = PBXFileReference; explicitFileType = wrapper.framework; includeInIndex = 0; path = AutoFocusCore.framework; sourceTree = BUILT_PRODUCTS_DIR; };
		118912792F89BA230073B04F /* AutoFocusAI.xctestplan */ = {isa = PBXFileReference; lastKnownFileType = text; path = AutoFocusAI.xctestplan; sourceTree = "<group>"; };
		11A107422F92AE430009AF43 /* CLAUDE.md */ = {isa = PBXFileReference; lastKnownFileType = net.daringfireball.markdown; path = CLAUDE.md; sourceTree = "<group>"; };
		11A107432F92AE430009AF43 /* Mintfile */ = {isa = PBXFileReference; lastKnownFileType = text; path = Mintfile; sourceTree = "<group>"; };
		11BB69012DBD790500135D74 /* AutoFocusAI.app */ = {isa = PBXFileReference; explicitFileType = wrapper.application; includeInIndex = 0; path = AutoFocusAI.app; sourceTree = BUILT_PRODUCTS_DIR; };
		11BB690F2DBD790700135D74 /* AutoFocusAITests.xctest */ = {isa = PBXFileReference; explicitFileType = wrapper.cfbundle; includeInIndex = 0; path = AutoFocusAITests.xctest; sourceTree = BUILT_PRODUCTS_DIR; };
		11BB69192DBD790700135D74 /* AutoFocusAIUITests.xctest */ = {isa = PBXFileReference; explicitFileType = wrapper.cfbundle; includeInIndex = 0; path = AutoFocusAIUITests.xctest; sourceTree = BUILT_PRODUCTS_DIR; };
/* End PBXFileReference section */

/* Begin PBXFileSystemSynchronizedBuildFileExceptionSet section */
		11890EEE2F89F59B0073B04F /* Exceptions for "AutoFocusCore" folder in "AutoFocusCore" target */ = {
			isa = PBXFileSystemSynchronizedBuildFileExceptionSet;
			publicHeaders = (
				AutoFocusCore.h,
			);
			target = 11890EE12F89EF420073B04F /* AutoFocusCore */;
		};
		11BB6A402DC11DA100135D74 /* Exceptions for "AutoFocusAI" folder in "AutoFocusAI" target */ = {
			isa = PBXFileSystemSynchronizedBuildFileExceptionSet;
			membershipExceptions = (
				Info.plist,
			);
			target = 11BB69002DBD790500135D74 /* AutoFocusAI */;
		};
/* End PBXFileSystemSynchronizedBuildFileExceptionSet section */

/* Begin PBXFileSystemSynchronizedRootGroup section */
		11890EC12F8994E90073B04F /* AutoFocusAICLI */ = {
			isa = PBXFileSystemSynchronizedRootGroup;
			path = AutoFocusAICLI;
			sourceTree = "<group>";
		};
		11890EE02F89EF2E0073B04F /* AutoFocusCore */ = {
			isa = PBXFileSystemSynchronizedRootGroup;
			exceptions = (
				11890EEE2F89F59B0073B04F /* Exceptions for "AutoFocusCore" folder in "AutoFocusCore" target */,
			);
			path = AutoFocusCore;
			sourceTree = "<group>";
		};
		11BB69032DBD790500135D74 /* AutoFocusAI */ = {
			isa = PBXFileSystemSynchronizedRootGroup;
			exceptions = (
				11BB6A402DC11DA100135D74 /* Exceptions for "AutoFocusAI" folder in "AutoFocusAI" target */,
			);
			path = AutoFocusAI;
			sourceTree = "<group>";
		};
		11BB69122DBD790700135D74 /* AutoFocusAITests */ = {
			isa = PBXFileSystemSynchronizedRootGroup;
			path = AutoFocusAITests;
			sourceTree = "<group>";
		};
		11BB691C2DBD790700135D74 /* AutoFocusAIUITests */ = {
			isa = PBXFileSystemSynchronizedRootGroup;
			path = AutoFocusAIUITests;
			sourceTree = "<group>";
		};
/* End PBXFileSystemSynchronizedRootGroup section */

/* Begin PBXFrameworksBuildPhase section */
		11890EC32F8995350073B04F /* Frameworks */ = {
			isa = PBXFrameworksBuildPhase;
			buildActionMask = 2147483647;
			files = (
				11890ECA2F89A3A50073B04F /* ArgumentParser in Frameworks */,
				11890EDF2F89EF0B0073B04F /* AutoFocusCore.framework in Frameworks */,
			);
			runOnlyForDeploymentPostprocessing = 0;
		};
		11890EE82F89F01A0073B04F /* Frameworks */ = {
			isa = PBXFrameworksBuildPhase;
			buildActionMask = 2147483647;
			files = (
			);
			runOnlyForDeploymentPostprocessing = 0;
		};
		11BB68FE2DBD790500135D74 /* Frameworks */ = {
			isa = PBXFrameworksBuildPhase;
			buildActionMask = 2147483647;
			files = (
				11890EDE2F89EF050073B04F /* AutoFocusCore.framework in Frameworks */,
			);
			runOnlyForDeploymentPostprocessing = 0;
		};
		11BB690C2DBD790700135D74 /* Frameworks */ = {
			isa = PBXFrameworksBuildPhase;
			buildActionMask = 2147483647;
			files = (
				11890EEF2F8A0D990073B04F /* AutoFocusCore.framework in Frameworks */,
			);
			runOnlyForDeploymentPostprocessing = 0;
		};
		11BB69162DBD790700135D74 /* Frameworks */ = {
			isa = PBXFrameworksBuildPhase;
			buildActionMask = 2147483647;
			files = (
			);
			runOnlyForDeploymentPostprocessing = 0;
		};
/* End PBXFrameworksBuildPhase section */

/* Begin PBXGroup section */
		11BB68F82DBD790500135D74 = {
			isa = PBXGroup;
			children = (
				118912792F89BA230073B04F /* AutoFocusAI.xctestplan */,
				11890EBE2F8989E20073B04F /* README.md */,
				11A107422F92AE430009AF43 /* CLAUDE.md */,
				11890EBF2F898B010073B04F /* PRD.md */,
				11890EC02F898BA90073B04F /* IMPLEMENTATION_PLAN.md */,
				11A107432F92AE430009AF43 /* Mintfile */,
				11BB69032DBD790500135D74 /* AutoFocusAI */,
				11890EC12F8994E90073B04F /* AutoFocusAICLI */,
				11890EE02F89EF2E0073B04F /* AutoFocusCore */,
				11BB69122DBD790700135D74 /* AutoFocusAITests */,
				11BB691C2DBD790700135D74 /* AutoFocusAIUITests */,
				11BB69022DBD790500135D74 /* Products */,
			);
			sourceTree = "<group>";
		};
		11BB69022DBD790500135D74 /* Products */ = {
			isa = PBXGroup;
			children = (
				11BB69012DBD790500135D74 /* AutoFocusAI.app */,
				11890EC22F89951A0073B04F /* AutoFocusAICLI */,
				11890EDC2F89EEE00073B04F /* AutoFocusCore.framework */,
				11BB690F2DBD790700135D74 /* AutoFocusAITests.xctest */,
				11BB69192DBD790700135D74 /* AutoFocusAIUITests.xctest */,
			);
			name = Products;
			sourceTree = "<group>";
		};
/* End PBXGroup section */

/* Begin PBXHeadersBuildPhase section */
		11890EE72F89EFFB0073B04F /* Headers */ = {
			isa = PBXHeadersBuildPhase;
			buildActionMask = 2147483647;
			files = (
			);
			runOnlyForDeploymentPostprocessing = 0;
		};
/* End PBXHeadersBuildPhase section */

/* Begin PBXNativeTarget section */
		11890EC42F8995550073B04F /* AutoFocusAICLI */ = {
			isa = PBXNativeTarget;
			buildConfigurationList = 11890EC92F8995550073B04F /* Build configuration list for PBXNativeTarget "AutoFocusAICLI" */;
			buildPhases = (
				11890EC52F8995550073B04F /* Sources */,
				11890EC32F8995350073B04F /* Frameworks */,
				11890EC62F8995550073B04F /* Resources */,
			);
			buildRules = (
			);
			dependencies = (
				11890EE62F89EFE40073B04F /* PBXTargetDependency */,
			);
			fileSystemSynchronizedGroups = (
				11890EC12F8994E90073B04F /* AutoFocusAICLI */,
			);
			name = AutoFocusAICLI;
			packageProductDependencies = (
				11890ECB2F89A3AB0073B04F /* ArgumentParser */,
			);
			productName = AutoFocusAICLI;
			productReference = 11890EC22F89951A0073B04F /* AutoFocusAICLI */;
			productType = "com.apple.product-type.tool";
		};
		11890EE12F89EF420073B04F /* AutoFocusCore */ = {
			isa = PBXNativeTarget;
			buildConfigurationList = 11890EED2F89F0740073B04F /* Build configuration list for PBXNativeTarget "AutoFocusCore" */;
			buildPhases = (
				11890EE72F89EFFB0073B04F /* Headers */,
				11890EE92F89F0270073B04F /* Sources */,
				11890EE82F89F01A0073B04F /* Frameworks */,
				11890EEA2F89F0340073B04F /* Resources */,
			);
			buildRules = (
			);
			dependencies = (
			);
			fileSystemSynchronizedGroups = (
				11890EE02F89EF2E0073B04F /* AutoFocusCore */,
			);
			name = AutoFocusCore;
			packageProductDependencies = (
			);
			productName = AutoFocusCore;
			productReference = 11890EDC2F89EEE00073B04F /* AutoFocusCore.framework */;
			productType = "com.apple.product-type.framework";
		};
		11BB69002DBD790500135D74 /* AutoFocusAI */ = {
			isa = PBXNativeTarget;
			buildConfigurationList = 11BB69232DBD790700135D74 /* Build configuration list for PBXNativeTarget "AutoFocusAI" */;
			buildPhases = (
				11BB68FD2DBD790500135D74 /* Sources */,
				11BB68FE2DBD790500135D74 /* Frameworks */,
				11BB68FF2DBD790500135D74 /* Resources */,
				11890EE42F89EFB10073B04F /* Embed Frameworks */,
			);
			buildRules = (
			);
			dependencies = (
				11890EE52F89EFD70073B04F /* PBXTargetDependency */,
			);
			fileSystemSynchronizedGroups = (
				11BB69032DBD790500135D74 /* AutoFocusAI */,
			);
			name = AutoFocusAI;
			packageProductDependencies = (
			);
			productName = AutoFocusAI;
			productReference = 11BB69012DBD790500135D74 /* AutoFocusAI.app */;
			productType = "com.apple.product-type.application";
		};
		11BB690E2DBD790700135D74 /* AutoFocusAITests */ = {
			isa = PBXNativeTarget;
			buildConfigurationList = 11BB69262DBD790700135D74 /* Build configuration list for PBXNativeTarget "AutoFocusAITests" */;
			buildPhases = (
				11BB690B2DBD790700135D74 /* Sources */,
				11BB690C2DBD790700135D74 /* Frameworks */,
				11BB690D2DBD790700135D74 /* Resources */,
			);
			buildRules = (
			);
			dependencies = (
				11890EF12F8A0DC10073B04F /* PBXTargetDependency */,
				11BB69112DBD790700135D74 /* PBXTargetDependency */,
			);
			fileSystemSynchronizedGroups = (
				11BB69122DBD790700135D74 /* AutoFocusAITests */,
			);
			name = AutoFocusAITests;
			packageProductDependencies = (
			);
			productName = AutoFocusAITests;
			productReference = 11BB690F2DBD790700135D74 /* AutoFocusAITests.xctest */;
			productType = "com.apple.product-type.bundle.unit-test";
		};
		11BB69182DBD790700135D74 /* AutoFocusAIUITests */ = {
			isa = PBXNativeTarget;
			buildConfigurationList = 11BB69292DBD790700135D74 /* Build configuration list for PBXNativeTarget "AutoFocusAIUITests" */;
			buildPhases = (
				11BB69152DBD790700135D74 /* Sources */,
				11BB69162DBD790700135D74 /* Frameworks */,
				11BB69172DBD790700135D74 /* Resources */,
			);
			buildRules = (
			);
			dependencies = (
				11BB691B2DBD790700135D74 /* PBXTargetDependency */,
			);
			fileSystemSynchronizedGroups = (
				11BB691C2DBD790700135D74 /* AutoFocusAIUITests */,
			);
			name = AutoFocusAIUITests;
			packageProductDependencies = (
			);
			productName = AutoFocusAIUITests;
			productReference = 11BB69192DBD790700135D74 /* AutoFocusAIUITests.xctest */;
			productType = "com.apple.product-type.bundle.ui-testing";
		};
/* End PBXNativeTarget section */

/* Begin PBXProject section */
		11BB68F92DBD790500135D74 /* Project object */ = {
			isa = PBXProject;
			attributes = {
				BuildIndependentTargetsInParallel = 1;
				LastSwiftUpdateCheck = 1630;
				LastUpgradeCheck = 2640;
				TargetAttributes = {
					11890EC42F8995550073B04F = {
						CreatedOnToolsVersion = 16.3;
					};
					11890EE12F89EF420073B04F = {
						CreatedOnToolsVersion = 16.3;
					};
					11BB69002DBD790500135D74 = {
						CreatedOnToolsVersion = 16.3;
					};
					11BB690E2DBD790700135D74 = {
						CreatedOnToolsVersion = 16.3;
						TestTargetID = 11BB69002DBD790500135D74;
					};
					11BB69182DBD790700135D74 = {
						CreatedOnToolsVersion = 16.3;
						TestTargetID = 11BB69002DBD790500135D74;
					};
				};
			};
			buildConfigurationList = 11BB68FC2DBD790500135D74 /* Build configuration list for PBXProject "AutoFocusAI" */;
			developmentRegion = en;
			hasScannedForEncodings = 0;
			knownRegions = (
				en,
				Base,
			);
			mainGroup = 11BB68F82DBD790500135D74;
			minimizedProjectReferenceProxies = 1;
			packageReferences = (
				11890ECC2F89A3C30073B04F /* XCRemoteSwiftPackageReference "swift-argument-parser" */,
			);
			preferredProjectObjectVersion = 77;
			productRefGroup = 11BB69022DBD790500135D74 /* Products */;
			projectDirPath = "";
			projectRoot = "";
			targets = (
				11BB69002DBD790500135D74 /* AutoFocusAI */,
				11890EC42F8995550073B04F /* AutoFocusAICLI */,
				11890EE12F89EF420073B04F /* AutoFocusCore */,
				11BB690E2DBD790700135D74 /* AutoFocusAITests */,
				11BB69182DBD790700135D74 /* AutoFocusAIUITests */,
			);
		};
/* End PBXProject section */

/* Begin PBXResourcesBuildPhase section */
		11890EC62F8995550073B04F /* Resources */ = {
			isa = PBXResourcesBuildPhase;
			buildActionMask = 2147483647;
			files = (
			);
			runOnlyForDeploymentPostprocessing = 0;
		};
		11890EEA2F89F0340073B04F /* Resources */ = {
			isa = PBXResourcesBuildPhase;
			buildActionMask = 2147483647;
			files = (
			);
			runOnlyForDeploymentPostprocessing = 0;
		};
		11BB68FF2DBD790500135D74 /* Resources */ = {
			isa = PBXResourcesBuildPhase;
			buildActionMask = 2147483647;
			files = (
			);
			runOnlyForDeploymentPostprocessing = 0;
		};
		11BB690D2DBD790700135D74 /* Resources */ = {
			isa = PBXResourcesBuildPhase;
			buildActionMask = 2147483647;
			files = (
			);
			runOnlyForDeploymentPostprocessing = 0;
		};
		11BB69172DBD790700135D74 /* Resources */ = {
			isa = PBXResourcesBuildPhase;
			buildActionMask = 2147483647;
			files = (
			);
			runOnlyForDeploymentPostprocessing = 0;
		};
/* End PBXResourcesBuildPhase section */

/* Begin PBXSourcesBuildPhase section */
		11890EC52F8995550073B04F /* Sources */ = {
			isa = PBXSourcesBuildPhase;
			buildActionMask = 2147483647;
			files = (
			);
			runOnlyForDeploymentPostprocessing = 0;
		};
		11890EE92F89F0270073B04F /* Sources */ = {
			isa = PBXSourcesBuildPhase;
			buildActionMask = 2147483647;
			files = (
			);
			runOnlyForDeploymentPostprocessing = 0;
		};
		11BB68FD2DBD790500135D74 /* Sources */ = {
			isa = PBXSourcesBuildPhase;
			buildActionMask = 2147483647;
			files = (
			);
			runOnlyForDeploymentPostprocessing = 0;
		};
		11BB690B2DBD790700135D74 /* Sources */ = {
			isa = PBXSourcesBuildPhase;
			buildActionMask = 2147483647;
			files = (
			);
			runOnlyForDeploymentPostprocessing = 0;
		};
		11BB69152DBD790700135D74 /* Sources */ = {
			isa = PBXSourcesBuildPhase;
			buildActionMask = 2147483647;
			files = (
			);
			runOnlyForDeploymentPostprocessing = 0;
		};
/* End PBXSourcesBuildPhase section */

/* Begin PBXTargetDependency section */
		11890EE52F89EFD70073B04F /* PBXTargetDependency */ = {
			isa = PBXTargetDependency;
			target = 11890EE12F89EF420073B04F /* AutoFocusCore */;
			targetProxy = 11890EE22F89EF5A0073B04F /* PBXContainerItemProxy */;
		};
		11890EE62F89EFE40073B04F /* PBXTargetDependency */ = {
			isa = PBXTargetDependency;
			target = 11890EE12F89EF420073B04F /* AutoFocusCore */;
			targetProxy = 11890EE32F89EF660073B04F /* PBXContainerItemProxy */;
		};
		11890EF12F8A0DC10073B04F /* PBXTargetDependency */ = {
			isa = PBXTargetDependency;
			target = 11890EE12F89EF420073B04F /* AutoFocusCore */;
			targetProxy = 11890EF02F8A0DAF0073B04F /* PBXContainerItemProxy */;
		};
		11BB69112DBD790700135D74 /* PBXTargetDependency */ = {
			isa = PBXTargetDependency;
			target = 11BB69002DBD790500135D74 /* AutoFocusAI */;
			targetProxy = 11BB69102DBD790700135D74 /* PBXContainerItemProxy */;
		};
		11BB691B2DBD790700135D74 /* PBXTargetDependency */ = {
			isa = PBXTargetDependency;
			target = 11BB69002DBD790500135D74 /* AutoFocusAI */;
			targetProxy = 11BB691A2DBD790700135D74 /* PBXContainerItemProxy */;
		};
/* End PBXTargetDependency section */

/* Begin XCBuildConfiguration section */
		11890EC72F8995550073B04F /* Debug */ = {
			isa = XCBuildConfiguration;
			buildSettings = {
				CODE_SIGNING_ALLOWED = NO;
				CODE_SIGNING_REQUIRED = NO;
				CURRENT_PROJECT_VERSION = 1;
				DEAD_CODE_STRIPPING = YES;
				DEVELOPMENT_TEAM = 7TR2B85D62;
				GENERATE_INFOPLIST_FILE = NO;
				LD_RUNPATH_SEARCH_PATHS = (
					"$(inherited)",
					"@executable_path",
				);
				MACOSX_DEPLOYMENT_TARGET = 26.0;
				MARKETING_VERSION = 1.0;
				PRODUCT_BUNDLE_IDENTIFIER = co.davidbeck.AutoFocusAICLI;
				PRODUCT_NAME = "$(TARGET_NAME)";
				SWIFT_EMIT_LOC_STRINGS = NO;
			};
			name = Debug;
		};
		11890EC82F8995550073B04F /* Release */ = {
			isa = XCBuildConfiguration;
			buildSettings = {
				CODE_SIGNING_ALLOWED = NO;
				CODE_SIGNING_REQUIRED = NO;
				CURRENT_PROJECT_VERSION = 1;
				DEAD_CODE_STRIPPING = YES;
				DEVELOPMENT_TEAM = 7TR2B85D62;
				GENERATE_INFOPLIST_FILE = NO;
				LD_RUNPATH_SEARCH_PATHS = (
					"$(inherited)",
					"@executable_path",
				);
				MACOSX_DEPLOYMENT_TARGET = 26.0;
				MARKETING_VERSION = 1.0;
				PRODUCT_BUNDLE_IDENTIFIER = co.davidbeck.AutoFocusAICLI;
				PRODUCT_NAME = "$(TARGET_NAME)";
				SWIFT_EMIT_LOC_STRINGS = NO;
			};
			name = Release;
		};
		11890EEB2F89F04D0073B04F /* Debug */ = {
			isa = XCBuildConfiguration;
			buildSettings = {
				BUILD_LIBRARY_FOR_DISTRIBUTION = NO;
				CODE_SIGN_IDENTITY = "";
				CODE_SIGN_STYLE = Automatic;
				COMBINE_HIDPI_IMAGES = YES;
				CURRENT_PROJECT_VERSION = 1;
				DEAD_CODE_STRIPPING = YES;
				DEFINES_MODULE = YES;
				DEVELOPMENT_TEAM = 7TR2B85D62;
				DYLIB_COMPATIBILITY_VERSION = 1;
				DYLIB_CURRENT_VERSION = 1;
				DYLIB_INSTALL_NAME_BASE = "@rpath";
				ENABLE_MODULE_VERIFIER = YES;
				GENERATE_INFOPLIST_FILE = YES;
				INFOPLIST_KEY_NSHumanReadableCopyright = "";
				INSTALL_PATH = "$(LOCAL_LIBRARY_DIR)/Frameworks";
				LD_RUNPATH_SEARCH_PATHS = (
					"$(inherited)",
					"@executable_path/../Frameworks",
					"@loader_path/Frameworks",
				);
				MACOSX_DEPLOYMENT_TARGET = 26.0;
				MARKETING_VERSION = 1.0;
				MODULE_VERIFIER_SUPPORTED_LANGUAGE_STANDARDS = "gnu17 gnu++20";
				PRODUCT_BUNDLE_IDENTIFIER = co.davidbeck.AutoFocusCore;
				PRODUCT_NAME = "$(TARGET_NAME:c99extidentifier)";
				SKIP_INSTALL = YES;
				SWIFT_EMIT_LOC_STRINGS = YES;
				SWIFT_INSTALL_OBJC_HEADER = NO;
				VERSIONING_SYSTEM = "apple-generic";
				VERSION_INFO_PREFIX = "";
			};
			name = Debug;
		};
		11890EEC2F89F0560073B04F /* Release */ = {
			isa = XCBuildConfiguration;
			buildSettings = {
				BUILD_LIBRARY_FOR_DISTRIBUTION = NO;
				CODE_SIGN_IDENTITY = "";
				CODE_SIGN_STYLE = Automatic;
				COMBINE_HIDPI_IMAGES = YES;
				CURRENT_PROJECT_VERSION = 1;
				DEAD_CODE_STRIPPING = YES;
				DEFINES_MODULE = YES;
				DEVELOPMENT_TEAM = 7TR2B85D62;
				DYLIB_COMPATIBILITY_VERSION = 1;
				DYLIB_CURRENT_VERSION = 1;
				DYLIB_INSTALL_NAME_BASE = "@rpath";
				ENABLE_MODULE_VERIFIER = YES;
				GENERATE_INFOPLIST_FILE = YES;
				INFOPLIST_KEY_NSHumanReadableCopyright = "";
				INSTALL_PATH = "$(LOCAL_LIBRARY_DIR)/Frameworks";
				LD_RUNPATH_SEARCH_PATHS = (
					"$(inherited)",
					"@executable_path/../Frameworks",
					"@loader_path/Frameworks",
				);
				MACOSX_DEPLOYMENT_TARGET = 26.0;
				MARKETING_VERSION = 1.0;
				MODULE_VERIFIER_SUPPORTED_LANGUAGE_STANDARDS = "gnu17 gnu++20";
				PRODUCT_BUNDLE_IDENTIFIER = co.davidbeck.AutoFocusCore;
				PRODUCT_NAME = "$(TARGET_NAME:c99extidentifier)";
				SKIP_INSTALL = YES;
				SWIFT_EMIT_LOC_STRINGS = YES;
				SWIFT_INSTALL_OBJC_HEADER = NO;
				VERSIONING_SYSTEM = "apple-generic";
				VERSION_INFO_PREFIX = "";
			};
			name = Release;
		};
		11BB69212DBD790700135D74 /* Debug */ = {
			isa = XCBuildConfiguration;
			buildSettings = {
				ALWAYS_SEARCH_USER_PATHS = NO;
				ASSETCATALOG_COMPILER_GENERATE_SWIFT_ASSET_SYMBOL_EXTENSIONS = YES;
				CLANG_ANALYZER_NONNULL = YES;
				CLANG_ANALYZER_NUMBER_OBJECT_CONVERSION = YES_AGGRESSIVE;
				CLANG_CXX_LANGUAGE_STANDARD = "gnu++20";
				CLANG_ENABLE_MODULES = YES;
				CLANG_ENABLE_OBJC_ARC = YES;
				CLANG_ENABLE_OBJC_WEAK = YES;
				CLANG_WARN_BLOCK_CAPTURE_AUTORELEASING = YES;
				CLANG_WARN_BOOL_CONVERSION = YES;
				CLANG_WARN_COMMA = YES;
				CLANG_WARN_CONSTANT_CONVERSION = YES;
				CLANG_WARN_DEPRECATED_OBJC_IMPLEMENTATIONS = YES;
				CLANG_WARN_DIRECT_OBJC_ISA_USAGE = YES_ERROR;
				CLANG_WARN_DOCUMENTATION_COMMENTS = YES;
				CLANG_WARN_EMPTY_BODY = YES;
				CLANG_WARN_ENUM_CONVERSION = YES;
				CLANG_WARN_INFINITE_RECURSION = YES;
				CLANG_WARN_INT_CONVERSION = YES;
				CLANG_WARN_NON_LITERAL_NULL_CONVERSION = YES;
				CLANG_WARN_OBJC_IMPLICIT_RETAIN_SELF = YES;
				CLANG_WARN_OBJC_LITERAL_CONVERSION = YES;
				CLANG_WARN_OBJC_ROOT_CLASS = YES_ERROR;
				CLANG_WARN_QUOTED_INCLUDE_IN_FRAMEWORK_HEADER = YES;
				CLANG_WARN_RANGE_LOOP_ANALYSIS = YES;
				CLANG_WARN_STRICT_PROTOTYPES = YES;
				CLANG_WARN_SUSPICIOUS_MOVE = YES;
				CLANG_WARN_UNGUARDED_AVAILABILITY = YES_AGGRESSIVE;
				CLANG_WARN_UNREACHABLE_CODE = YES;
				CLANG_WARN__DUPLICATE_METHOD_MATCH = YES;
				COPY_PHASE_STRIP = NO;
				DEAD_CODE_STRIPPING = YES;
				DEBUG_INFORMATION_FORMAT = dwarf;
				DEVELOPMENT_TEAM = 7TR2B85D62;
				ENABLE_STRICT_OBJC_MSGSEND = YES;
				ENABLE_TESTABILITY = YES;
				ENABLE_USER_SCRIPT_SANDBOXING = YES;
				GCC_C_LANGUAGE_STANDARD = gnu17;
				GCC_DYNAMIC_NO_PIC = NO;
				GCC_NO_COMMON_BLOCKS = YES;
				GCC_OPTIMIZATION_LEVEL = 0;
				GCC_PREPROCESSOR_DEFINITIONS = (
					"DEBUG=1",
					"$(inherited)",
				);
				GCC_WARN_64_TO_32_BIT_CONVERSION = YES;
				GCC_WARN_ABOUT_RETURN_TYPE = YES_ERROR;
				GCC_WARN_UNDECLARED_SELECTOR = YES;
				GCC_WARN_UNINITIALIZED_AUTOS = YES_AGGRESSIVE;
				GCC_WARN_UNUSED_FUNCTION = YES;
				GCC_WARN_UNUSED_VARIABLE = YES;
				LOCALIZATION_PREFERS_STRING_CATALOGS = YES;
				MACOSX_DEPLOYMENT_TARGET = 15.4;
				MTL_ENABLE_DEBUG_INFO = INCLUDE_SOURCE;
				MTL_FAST_MATH = YES;
				ONLY_ACTIVE_ARCH = YES;
				SDKROOT = macosx;
				STRING_CATALOG_GENERATE_SYMBOLS = YES;
				SWIFT_ACTIVE_COMPILATION_CONDITIONS = "DEBUG $(inherited)";
				SWIFT_OPTIMIZATION_LEVEL = "-Onone";
				SWIFT_STRICT_CONCURRENCY = complete;
				SWIFT_UPCOMING_FEATURE_CONCISE_MAGIC_FILE = YES;
				SWIFT_UPCOMING_FEATURE_DEPRECATE_APPLICATION_MAIN = YES;
				SWIFT_UPCOMING_FEATURE_DISABLE_OUTWARD_ACTOR_ISOLATION = YES;
				SWIFT_UPCOMING_FEATURE_DYNAMIC_ACTOR_ISOLATION = YES;
				SWIFT_UPCOMING_FEATURE_FORWARD_TRAILING_CLOSURES = YES;
				SWIFT_UPCOMING_FEATURE_GLOBAL_ACTOR_ISOLATED_TYPES_USABILITY = YES;
				SWIFT_UPCOMING_FEATURE_GLOBAL_CONCURRENCY = YES;
				SWIFT_UPCOMING_FEATURE_IMPLICIT_OPEN_EXISTENTIALS = YES;
				SWIFT_UPCOMING_FEATURE_IMPORT_OBJC_FORWARD_DECLS = YES;
				SWIFT_UPCOMING_FEATURE_INFER_ISOLATED_CONFORMANCES = YES;
				SWIFT_UPCOMING_FEATURE_INFER_SENDABLE_FROM_CAPTURES = YES;
				SWIFT_UPCOMING_FEATURE_ISOLATED_DEFAULT_VALUES = YES;
				SWIFT_UPCOMING_FEATURE_NONISOLATED_NONSENDING_BY_DEFAULT = YES;
				SWIFT_UPCOMING_FEATURE_REGION_BASED_ISOLATION = YES;
				SWIFT_VERSION = 6.0;
			};
			name = Debug;
		};
		11BB69222DBD790700135D74 /* Release */ = {
			isa = XCBuildConfiguration;
			buildSettings = {
				ALWAYS_SEARCH_USER_PATHS = NO;
				ASSETCATALOG_COMPILER_GENERATE_SWIFT_ASSET_SYMBOL_EXTENSIONS = YES;
				CLANG_ANALYZER_NONNULL = YES;
				CLANG_ANALYZER_NUMBER_OBJECT_CONVERSION = YES_AGGRESSIVE;
				CLANG_CXX_LANGUAGE_STANDARD = "gnu++20";
				CLANG_ENABLE_MODULES = YES;
				CLANG_ENABLE_OBJC_ARC = YES;
				CLANG_ENABLE_OBJC_WEAK = YES;
				CLANG_WARN_BLOCK_CAPTURE_AUTORELEASING = YES;
				CLANG_WARN_BOOL_CONVERSION = YES;
				CLANG_WARN_COMMA = YES;
				CLANG_WARN_CONSTANT_CONVERSION = YES;
				CLANG_WARN_DEPRECATED_OBJC_IMPLEMENTATIONS = YES;
				CLANG_WARN_DIRECT_OBJC_ISA_USAGE = YES_ERROR;
				CLANG_WARN_DOCUMENTATION_COMMENTS = YES;
				CLANG_WARN_EMPTY_BODY = YES;
				CLANG_WARN_ENUM_CONVERSION = YES;
				CLANG_WARN_INFINITE_RECURSION = YES;
				CLANG_WARN_INT_CONVERSION = YES;
				CLANG_WARN_NON_LITERAL_NULL_CONVERSION = YES;
				CLANG_WARN_OBJC_IMPLICIT_RETAIN_SELF = YES;
				CLANG_WARN_OBJC_LITERAL_CONVERSION = YES;
				CLANG_WARN_OBJC_ROOT_CLASS = YES_ERROR;
				CLANG_WARN_QUOTED_INCLUDE_IN_FRAMEWORK_HEADER = YES;
				CLANG_WARN_RANGE_LOOP_ANALYSIS = YES;
				CLANG_WARN_STRICT_PROTOTYPES = YES;
				CLANG_WARN_SUSPICIOUS_MOVE = YES;
				CLANG_WARN_UNGUARDED_AVAILABILITY = YES_AGGRESSIVE;
				CLANG_WARN_UNREACHABLE_CODE = YES;
				CLANG_WARN__DUPLICATE_METHOD_MATCH = YES;
				COPY_PHASE_STRIP = NO;
				DEAD_CODE_STRIPPING = YES;
				DEBUG_INFORMATION_FORMAT = "dwarf-with-dsym";
				DEVELOPMENT_TEAM = 7TR2B85D62;
				ENABLE_NS_ASSERTIONS = NO;
				ENABLE_STRICT_OBJC_MSGSEND = YES;
				ENABLE_USER_SCRIPT_SANDBOXING = YES;
				GCC_C_LANGUAGE_STANDARD = gnu17;
				GCC_NO_COMMON_BLOCKS = YES;
				GCC_WARN_64_TO_32_BIT_CONVERSION = YES;
				GCC_WARN_ABOUT_RETURN_TYPE = YES_ERROR;
				GCC_WARN_UNDECLARED_SELECTOR = YES;
				GCC_WARN_UNINITIALIZED_AUTOS = YES_AGGRESSIVE;
				GCC_WARN_UNUSED_FUNCTION = YES;
				GCC_WARN_UNUSED_VARIABLE = YES;
				LOCALIZATION_PREFERS_STRING_CATALOGS = YES;
				MACOSX_DEPLOYMENT_TARGET = 15.4;
				MTL_ENABLE_DEBUG_INFO = NO;
				MTL_FAST_MATH = YES;
				SDKROOT = macosx;
				STRING_CATALOG_GENERATE_SYMBOLS = YES;
				SWIFT_COMPILATION_MODE = wholemodule;
				SWIFT_STRICT_CONCURRENCY = complete;
				SWIFT_UPCOMING_FEATURE_CONCISE_MAGIC_FILE = YES;
				SWIFT_UPCOMING_FEATURE_DEPRECATE_APPLICATION_MAIN = YES;
				SWIFT_UPCOMING_FEATURE_DISABLE_OUTWARD_ACTOR_ISOLATION = YES;
				SWIFT_UPCOMING_FEATURE_DYNAMIC_ACTOR_ISOLATION = YES;
				SWIFT_UPCOMING_FEATURE_FORWARD_TRAILING_CLOSURES = YES;
				SWIFT_UPCOMING_FEATURE_GLOBAL_ACTOR_ISOLATED_TYPES_USABILITY = YES;
				SWIFT_UPCOMING_FEATURE_GLOBAL_CONCURRENCY = YES;
				SWIFT_UPCOMING_FEATURE_IMPLICIT_OPEN_EXISTENTIALS = YES;
				SWIFT_UPCOMING_FEATURE_IMPORT_OBJC_FORWARD_DECLS = YES;
				SWIFT_UPCOMING_FEATURE_INFER_ISOLATED_CONFORMANCES = YES;
				SWIFT_UPCOMING_FEATURE_INFER_SENDABLE_FROM_CAPTURES = YES;
				SWIFT_UPCOMING_FEATURE_ISOLATED_DEFAULT_VALUES = YES;
				SWIFT_UPCOMING_FEATURE_NONISOLATED_NONSENDING_BY_DEFAULT = YES;
				SWIFT_UPCOMING_FEATURE_REGION_BASED_ISOLATION = YES;
				SWIFT_VERSION = 6.0;
			};
			name = Release;
		};
		11BB69242DBD790700135D74 /* Debug */ = {
			isa = XCBuildConfiguration;
			buildSettings = {
				ASSETCATALOG_COMPILER_APPICON_NAME = AppIcon;
				ASSETCATALOG_COMPILER_GLOBAL_ACCENT_COLOR_NAME = AccentColor;
				CODE_SIGN_ENTITLEMENTS = AutoFocusAI/AutoFocusAI.entitlements;
				CODE_SIGN_STYLE = Automatic;
				COMBINE_HIDPI_IMAGES = YES;
				CURRENT_PROJECT_VERSION = 1;
				DEAD_CODE_STRIPPING = YES;
				DEVELOPMENT_TEAM = 7TR2B85D62;
				ENABLE_HARDENED_RUNTIME = YES;
				ENABLE_PREVIEWS = YES;
				GENERATE_INFOPLIST_FILE = YES;
				INFOPLIST_FILE = AutoFocusAI/Info.plist;
				INFOPLIST_KEY_NSHumanReadableCopyright = "";
				LD_RUNPATH_SEARCH_PATHS = (
					"$(inherited)",
					"@executable_path/../Frameworks",
				);
				MACOSX_DEPLOYMENT_TARGET = 26.0;
				MARKETING_VERSION = 1.0;
				PRODUCT_BUNDLE_IDENTIFIER = co.davidbeck.AutoFocusAI;
				PRODUCT_NAME = "$(TARGET_NAME)";
				REGISTER_APP_GROUPS = YES;
				SWIFT_EMIT_LOC_STRINGS = YES;
			};
			name = Debug;
		};
		11BB69252DBD790700135D74 /* Release */ = {
			isa = XCBuildConfiguration;
			buildSettings = {
				ASSETCATALOG_COMPILER_APPICON_NAME = AppIcon;
				ASSETCATALOG_COMPILER_GLOBAL_ACCENT_COLOR_NAME = AccentColor;
				CODE_SIGN_ENTITLEMENTS = AutoFocusAI/AutoFocusAI.entitlements;
				CODE_SIGN_STYLE = Automatic;
				COMBINE_HIDPI_IMAGES = YES;
				CURRENT_PROJECT_VERSION = 1;
				DEAD_CODE_STRIPPING = YES;
				DEVELOPMENT_TEAM = 7TR2B85D62;
				ENABLE_HARDENED_RUNTIME = YES;
				ENABLE_PREVIEWS = YES;
				GENERATE_INFOPLIST_FILE = YES;
				INFOPLIST_FILE = AutoFocusAI/Info.plist;
				INFOPLIST_KEY_NSHumanReadableCopyright = "";
				LD_RUNPATH_SEARCH_PATHS = (
					"$(inherited)",
					"@executable_path/../Frameworks",
				);
				MACOSX_DEPLOYMENT_TARGET = 26.0;
				MARKETING_VERSION = 1.0;
				PRODUCT_BUNDLE_IDENTIFIER = co.davidbeck.AutoFocusAI;
				PRODUCT_NAME = "$(TARGET_NAME)";
				REGISTER_APP_GROUPS = YES;
				SWIFT_EMIT_LOC_STRINGS = YES;
			};
			name = Release;
		};
		11BB69272DBD790700135D74 /* Debug */ = {
			isa = XCBuildConfiguration;
			buildSettings = {
				BUNDLE_LOADER = "$(TEST_HOST)";
				CODE_SIGN_STYLE = Automatic;
				CURRENT_PROJECT_VERSION = 1;
				DEAD_CODE_STRIPPING = YES;
				DEVELOPMENT_TEAM = 7TR2B85D62;
				GENERATE_INFOPLIST_FILE = YES;
				MACOSX_DEPLOYMENT_TARGET = 26.0;
				MARKETING_VERSION = 1.0;
				PRODUCT_BUNDLE_IDENTIFIER = co.davidbeck.AutoFocusAITests;
				PRODUCT_NAME = "$(TARGET_NAME)";
				SWIFT_EMIT_LOC_STRINGS = NO;
				TEST_HOST = "$(BUILT_PRODUCTS_DIR)/AutoFocusAI.app/$(BUNDLE_EXECUTABLE_FOLDER_PATH)/AutoFocusAI";
			};
			name = Debug;
		};
		11BB69282DBD790700135D74 /* Release */ = {
			isa = XCBuildConfiguration;
			buildSettings = {
				BUNDLE_LOADER = "$(TEST_HOST)";
				CODE_SIGN_STYLE = Automatic;
				CURRENT_PROJECT_VERSION = 1;
				DEAD_CODE_STRIPPING = YES;
				DEVELOPMENT_TEAM = 7TR2B85D62;
				GENERATE_INFOPLIST_FILE = YES;
				MACOSX_DEPLOYMENT_TARGET = 26.0;
				MARKETING_VERSION = 1.0;
				PRODUCT_BUNDLE_IDENTIFIER = co.davidbeck.AutoFocusAITests;
				PRODUCT_NAME = "$(TARGET_NAME)";
				SWIFT_EMIT_LOC_STRINGS = NO;
				TEST_HOST = "$(BUILT_PRODUCTS_DIR)/AutoFocusAI.app/$(BUNDLE_EXECUTABLE_FOLDER_PATH)/AutoFocusAI";
			};
			name = Release;
		};
		11BB692A2DBD790700135D74 /* Debug */ = {
			isa = XCBuildConfiguration;
			buildSettings = {
				CODE_SIGN_STYLE = Automatic;
				CURRENT_PROJECT_VERSION = 1;
				DEAD_CODE_STRIPPING = YES;
				DEVELOPMENT_TEAM = 7TR2B85D62;
				GENERATE_INFOPLIST_FILE = YES;
				MACOSX_DEPLOYMENT_TARGET = 26.0;
				MARKETING_VERSION = 1.0;
				PRODUCT_BUNDLE_IDENTIFIER = co.davidbeck.AutoFocusAIUITests;
				PRODUCT_NAME = "$(TARGET_NAME)";
				SWIFT_EMIT_LOC_STRINGS = NO;
				TEST_TARGET_NAME = AutoFocusAI;
			};
			name = Debug;
		};
		11BB692B2DBD790700135D74 /* Release */ = {
			isa = XCBuildConfiguration;
			buildSettings = {
				CODE_SIGN_STYLE = Automatic;
				CURRENT_PROJECT_VERSION = 1;
				DEAD_CODE_STRIPPING = YES;
				DEVELOPMENT_TEAM = 7TR2B85D62;
				GENERATE_INFOPLIST_FILE = YES;
				MACOSX_DEPLOYMENT_TARGET = 26.0;
				MARKETING_VERSION = 1.0;
				PRODUCT_BUNDLE_IDENTIFIER = co.davidbeck.AutoFocusAIUITests;
				PRODUCT_NAME = "$(TARGET_NAME)";
				SWIFT_EMIT_LOC_STRINGS = NO;
				TEST_TARGET_NAME = AutoFocusAI;
			};
			name = Release;
		};
/* End XCBuildConfiguration section */

/* Begin XCConfigurationList section */
		11890EC92F8995550073B04F /* Build configuration list for PBXNativeTarget "AutoFocusAICLI" */ = {
			isa = XCConfigurationList;
			buildConfigurations = (
				11890EC72F8995550073B04F /* Debug */,
				11890EC82F8995550073B04F /* Release */,
			);
			defaultConfigurationIsVisible = 0;
			defaultConfigurationName = Release;
		};
		11890EED2F89F0740073B04F /* Build configuration list for PBXNativeTarget "AutoFocusCore" */ = {
			isa = XCConfigurationList;
			buildConfigurations = (
				11890EEB2F89F04D0073B04F /* Debug */,
				11890EEC2F89F0560073B04F /* Release */,
			);
			defaultConfigurationIsVisible = 0;
			defaultConfigurationName = Release;
		};
		11BB68FC2DBD790500135D74 /* Build configuration list for PBXProject "AutoFocusAI" */ = {
			isa = XCConfigurationList;
			buildConfigurations = (
				11BB69212DBD790700135D74 /* Debug */,
				11BB69222DBD790700135D74 /* Release */,
			);
			defaultConfigurationIsVisible = 0;
			defaultConfigurationName = Release;
		};
		11BB69232DBD790700135D74 /* Build configuration list for PBXNativeTarget "AutoFocusAI" */ = {
			isa = XCConfigurationList;
			buildConfigurations = (
				11BB69242DBD790700135D74 /* Debug */,
				11BB69252DBD790700135D74 /* Release */,
			);
			defaultConfigurationIsVisible = 0;
			defaultConfigurationName = Release;
		};
		11BB69262DBD790700135D74 /* Build configuration list for PBXNativeTarget "AutoFocusAITests" */ = {
			isa = XCConfigurationList;
			buildConfigurations = (
				11BB69272DBD790700135D74 /* Debug */,
				11BB69282DBD790700135D74 /* Release */,
			);
			defaultConfigurationIsVisible = 0;
			defaultConfigurationName = Release;
		};
		11BB69292DBD790700135D74 /* Build configuration list for PBXNativeTarget "AutoFocusAIUITests" */ = {
			isa = XCConfigurationList;
			buildConfigurations = (
				11BB692A2DBD790700135D74 /* Debug */,
				11BB692B2DBD790700135D74 /* Release */,
			);
			defaultConfigurationIsVisible = 0;
			defaultConfigurationName = Release;
		};
/* End XCConfigurationList section */

/* Begin XCRemoteSwiftPackageReference section */
		11890ECC2F89A3C30073B04F /* XCRemoteSwiftPackageReference "swift-argument-parser" */ = {
			isa = XCRemoteSwiftPackageReference;
			repositoryURL = "https://github.com/apple/swift-argument-parser";
			requirement = {
				kind = upToNextMajorVersion;
				minimumVersion = 1.7.0;
			};
		};
/* End XCRemoteSwiftPackageReference section */

/* Begin XCSwiftPackageProductDependency section */
		11890ECB2F89A3AB0073B04F /* ArgumentParser */ = {
			isa = XCSwiftPackageProductDependency;
			package = 11890ECC2F89A3C30073B04F /* XCRemoteSwiftPackageReference "swift-argument-parser" */;
			productName = ArgumentParser;
		};
/* End XCSwiftPackageProductDependency section */
	};
	rootObject = 11BB68F92DBD790500135D74 /* Project object */;
}
